<?xml version="1.0" encoding="utf-8"?>
<Project ToolsVersion="4.0" xmlns="http://schemas.microsoft.com/developer/msbuild/2003">
  <ItemGroup>
    <Filter Include="Source Files">
      <UniqueIdentifier>{4FC737F1-C7A5-4376-A066-2A32D752A2FF}</UniqueIdentifier>
      <Extensions>cpp;c;cc;cxx;c++;cppm;ixx;def;odl;idl;hpj;bat;asm;asmx</Extensions>
    </Filter>
    <Filter Include="Header Files">
      <UniqueIdentifier>{93995380-89BD-4b04-88EB-625FBE52EBFB}</UniqueIdentifier>
      <Extensions>h;hh;hpp;hxx;h++;hm;inl;inc;ipp;xsd</Extensions>
    </Filter>
    <Filter Include="Resource Files">
      <UniqueIdentifier>{67DA6AB6-F800-4c08-8B7A-83BB121AAD01}</UniqueIdentifier>
      <Extensions>rc;ico;cur;bmp;dlg;rc2;rct;bin;rgs;gif;jpg;jpeg;jpe;resx;tiff;tif;png;wav;mfcribbon-ms</Extensions>
    </Filter>
  </ItemGroup>
  <ItemGroup>
    <ClCompile Include="src\main.cpp">
      <Filter>Source Files</Filter>
    </ClCompile>
    <ClCompile Include="src\filesystem\fs_util.cpp">
      <Filter>Source Files</Filter>
    </ClCompile>
    <ClCompile Include="src\parsing\fileReader.cpp">
      <Filter>Source Files</Filter>
    </ClCompile>
    <ClCompile Include="src\parsing\definitions\nodeParsers\parserHelper.cpp">
      <Filter>Source Files</Filter>
    </ClCompile>
    <ClCompile Include="src\hooking\hooking.cpp">
      <Filter>Source Files</Filter>
    </ClCompile>
    <ClCompile Include="deps\lz4\lib\lz4.c">
      <Filter>Source Files</Filter>
    </ClCompile>
    <ClCompile Include="src\parsing\definitions\nodeParsers\quest\factsDBNode.cpp">
      <Filter>Source Files</Filter>
    </ClCompile>
    <ClCompile Include="src\parsing\definitions\nodeParsers\stats\statsSystemNode.cpp">
      <Filter>Source Files</Filter>
    </ClCompile>
    <ClCompile Include="src\parsing\definitions\package\packageReader.cpp">
      <Filter>Source Files</Filter>
    </ClCompile>
    <ClCompile Include="deps\minhook\src\hde\hde32.c">
      <Filter>Source Files</Filter>
    </ClCompile>
    <ClCompile Include="deps\minhook\src\hde\hde64.c">
      <Filter>Source Files</Filter>
    </ClCompile>
    <ClCompile Include="deps\minhook\src\buffer.c">
      <Filter>Source Files</Filter>
    </ClCompile>
    <ClCompile Include="deps\minhook\src\hook.c">
      <Filter>Source Files</Filter>
    </ClCompile>
    <ClCompile Include="deps\minhook\src\trampoline.c">
      <Filter>Source Files</Filter>
    </ClCompile>
    <ClCompile Include="src\util\migration\migration.cpp">
      <Filter>Source Files</Filter>
    </ClCompile>
    <ClCompile Include="src\parsing\definitions\nodeParsers\wardrobe\wardrobeSystemNode.cpp">
      <Filter>Source Files</Filter>
    </ClCompile>
    <ClCompile Include="src\redscript_api\testingDefs.cpp">
      <Filter>Source Files</Filter>
    </ClCompile>
    <ClCompile Include="src\redscript_api\redscriptBindings.cpp">
      <Filter>Header Files</Filter>
    </ClCompile>
    <ClCompile Include="src\parsing\definitions\nodeParsers\scriptable\scriptableContainerNodeV2.cpp">
      <Filter>Source Files</Filter>
    </ClCompile>
    <ClCompile Include="src\redscript_api\dataReaders\playerDevelopmentSystem\playerDevelopmentSystemReader.cpp">
      <Filter>Source Files</Filter>
    </ClCompile>
    <ClCompile Include="src\redscript_api\dataReaders\equipmentSystem\equipmentSystemReader.cpp">
      <Filter>Source Files</Filter>
    </ClCompile>
    <ClCompile Include="src\redscript_api\dataReaders\craftingSystem\craftingSystemReader.cpp">
      <Filter>Source Files</Filter>
    </ClCompile>
    <ClCompile Include="src\redscript_api\dataReaders\inventory\inventoryReader.cpp">
      <Filter>Source Files</Filter>
    </ClCompile>
    <ClCompile Include="src\redscript_api\dataReaders\equipmentExOutfitSystem\outfitSystemReader.cpp">
      <Filter>Source Files</Filter>
    </ClCompile>
    <ClCompile Include="src\redscript_api\dataReaders\statsSystem\statsSystemReader.cpp">
      <Filter>Source Files</Filter>
    </ClCompile>
    <ClCompile Include="src\redscript_api\dataReaders\vehicleGarage\vehicleGarageReader.cpp">
      <Filter>Source Files</Filter>
    </ClCompile>
    <ClCompile Include="src\redscript_api\dataReaders\wardrobeSystem\wardrobeReader.cpp">
      <Filter>Source Files</Filter>
    </ClCompile>
    <ClCompile Include="src\redscript_api\definitions\playerSaveData.cpp">
      <Filter>Source Files</Filter>
    </ClCompile>
    <ClCompile Include="src\redscript_api\dataReaders\equipmentExViewManager\viewManagerReader.cpp">
      <Filter>Source Files</Filter>
    </ClCompile>
  </ItemGroup>
  <ItemGroup>
    <ClInclude Include="src\filesystem\fs_util.hpp">
      <Filter>Header Files</Filter>
    </ClInclude>
    <ClInclude Include="src\parsing\fileReader.hpp">
      <Filter>Header Files</Filter>
    </ClInclude>
    <ClInclude Include="src\parsing\cursorDef.hpp">
      <Filter>Header Files</Filter>
    </ClInclude>
    <ClInclude Include="src\parsing\definitions\compression\compressionHeader.hpp">
      <Filter>Header Files</Filter>
    </ClInclude>
    <ClInclude Include="src\parsing\definitions\nodeParsers\inventory\inventoryNode.hpp">
      <Filter>Header Files</Filter>
    </ClInclude>
    <ClInclude Include="src\parsing\definitions\nodeParsers\persistency\persistencySystemNode.hpp">
      <Filter>Header Files</Filter>
    </ClInclude>
    <ClInclude Include="src\context\context.hpp">
      <Filter>Header Files</Filter>
    </ClInclude>
    <ClInclude Include="src\hooking\hooking.hpp">
      <Filter>Header Files</Filter>
    </ClInclude>
    <ClInclude Include="src\parsing\definitions\rttiHelpers\rttiValueReaderNative.hpp">
      <Filter>Header Files</Filter>
    </ClInclude>
    <ClInclude Include="src\parsing\definitions\nodeParsers\scriptable\helpers\classDefinitions\playerDevelopmentData.hpp">
      <Filter>Header Files</Filter>
    </ClInclude>
    <ClInclude Include="src\parsing\definitions\nodeParsers\persistency\helpers\nativePersistencyReader.hpp">
      <Filter>Header Files</Filter>
    </ClInclude>
    <ClInclude Include="src\parsing\definitions\nodeParsers\scriptable\helpers\classDefinitions\equipmentSystem.hpp">
      <Filter>Header Files</Filter>
    </ClInclude>
    <ClInclude Include="resource.h">
      <Filter>Header Files</Filter>
    </ClInclude>
    <ClInclude Include="src\parsing\definitions\nodeParsers\scriptable\helpers\classDefinitions\craftBook.hpp">
      <Filter>Header Files</Filter>
    </ClInclude>
    <ClInclude Include="src\parsing\definitions\nodeParsers\quest\factsDBNode.hpp">
      <Filter>Header Files</Filter>
    </ClInclude>
    <ClInclude Include="src\parsing\definitions\nodeParsers\stats\statsSystemNode.hpp">
      <Filter>Header Files</Filter>
    </ClInclude>
    <ClInclude Include="src\parsing\definitions\package\packageReader.hpp">
      <Filter>Header Files</Filter>
    </ClInclude>
    <ClInclude Include="src\util\threads.hpp">
      <Filter>Header Files</Filter>
    </ClInclude>
    <ClInclude Include="deps\minhook\src\hde\hde32.h">
      <Filter>Header Files</Filter>
    </ClInclude>
    <ClInclude Include="deps\minhook\src\hde\hde64.h">
      <Filter>Header Files</Filter>
    </ClInclude>
    <ClInclude Include="deps\minhook\src\hde\pstdint.h">
      <Filter>Header Files</Filter>
    </ClInclude>
    <ClInclude Include="deps\minhook\src\hde\table32.h">
      <Filter>Header Files</Filter>
    </ClInclude>
    <ClInclude Include="deps\minhook\src\hde\table64.h">
      <Filter>Header Files</Filter>
    </ClInclude>
    <ClInclude Include="deps\minhook\src\buffer.h">
      <Filter>Header Files</Filter>
    </ClInclude>
    <ClInclude Include="deps\minhook\src\trampoline.h">
      <Filter>Header Files</Filter>
    </ClInclude>
    <ClInclude Include="src\util\migration\migration.hpp">
      <Filter>Header Files</Filter>
    </ClInclude>
    <ClInclude Include="src\parsing\definitions\nodeParsers\wardrobe\wardrobeSystemNode.hpp">
      <Filter>Header Files</Filter>
    </ClInclude>
    <ClInclude Include="src\util\offsetPtr.hpp">
      <Filter>Header Files</Filter>
    </ClInclude>
    <ClInclude Include="src\parsing\definitions\nodeParsers\scriptable\scriptableContainerNodeV2.hpp">
      <Filter>Header Files</Filter>
    </ClInclude>
    <ClInclude Include="src\redscript_api\dataReaders\playerDevelopmentSystem\playerDevelopmentSystemReader.hpp">
      <Filter>Header Files</Filter>
    </ClInclude>
    <ClInclude Include="src\redscript_api\dataReaders\equipmentSystem\equipmentSystemReader.hpp">
      <Filter>Header Files</Filter>
    </ClInclude>
    <ClInclude Include="src\redscript_api\dataReaders\resultContext.hpp">
      <Filter>Header Files</Filter>
    </ClInclude>
    <ClInclude Include="src\redscript_api\dataReaders\craftingSystem\craftingSystemReader.hpp">
      <Filter>Header Files</Filter>
    </ClInclude>
    <ClInclude Include="src\redscript_api\dataReaders\inventory\inventoryReader.hpp">
      <Filter>Header Files</Filter>
    </ClInclude>
    <ClInclude Include="src\redscript_api\dataReaders\equipmentExOutfitSystem\outfitSystemReader.hpp">
      <Filter>Header Files</Filter>
    </ClInclude>
    <ClInclude Include="src\redscript_api\definitions\playerSaveData.hpp">
      <Filter>Header Files</Filter>
    </ClInclude>
    <ClInclude Include="src\redscript_api\dataReaders\statsSystem\statsSystemReader.hpp">
      <Filter>Header Files</Filter>
    </ClInclude>
    <ClInclude Include="src\redscript_api\dataReaders\vehicleGarage\vehicleGarageReader.hpp">
      <Filter>Header Files</Filter>
    </ClInclude>
    <ClInclude Include="src\redscript_api\dataReaders\wardrobeSystem\wardrobeReader.hpp">
      <Filter>Header Files</Filter>
    </ClInclude>
    <ClInclude Include="src\redscript_api\dataReaders\equipmentExViewManager\viewManagerReader.hpp">
      <Filter>Header Files</Filter>
    </ClInclude>
    <ClInclude Include="src\parsing\definitions\nodeParsers\defaultNodeData.hpp">
      <Filter>Header Files</Filter>
    </ClInclude>
    <ClInclude Include="src\parsing\definitions\nodeParsers\interfaceNodeData.hpp">
      <Filter>Header Files</Filter>
    </ClInclude>
    <ClInclude Include="src\parsing\definitions\nodeParsers\parserHelper.hpp">
      <Filter>Header Files</Filter>
    </ClInclude>
    <ClInclude Include="src\parsing\definitions\nodeEntry.hpp">
      <Filter>Header Files</Filter>
    </ClInclude>
    <ClInclude Include="src\parsing\definitions\fileInfo.hpp">
      <Filter>Header Files</Filter>
    </ClInclude>
  </ItemGroup>
  <ItemGroup>
    <ResourceCompile Include="NewGamePlus.rc">
      <Filter>Resource Files</Filter>
    </ResourceCompile>
  </ItemGroup>
</Project>